
Microsoft Visual Studio Solution File, Format Version 12.00
# Blend for Visual Studio Version 17
VisualStudioVersion = 17.4.33403.182
MinimumVisualStudioVersion = 10.0.40219.1
Project("{9A19103F-16F7-4668-BE54-9A1E7A4F7556}") = "Music", "Music.csproj", "{CD4E81A3-A17B-4DEF-AD9D-715E24148F56}"
EndProject
Global
	GlobalSection(SolutionConfigurationPlatforms) = preSolution
		Debug|Any CPU = Debug|Any CPU
		Release|Any CPU = Release|Any CPU
	EndGlobalSection
	GlobalSection(ProjectConfigurationPlatforms) = postSolution
		{CD4E81A3-A17B-4DEF-AD9D-715E24148F56}.Debug|Any CPU.ActiveCfg = Debug|Any CPU
		{CD4E81A3-A17B-4DEF-AD9D-715E24148F56}.Debug|Any CPU.Build.0 = Debug|Any CPU
		{CD4E81A3-A17B-4DEF-AD9D-715E24148F56}.Release|Any CPU.ActiveCfg = Release|Any CPU
		{CD4E81A3-A17B-4DEF-AD9D-715E24148F56}.Release|Any CPU.Build.0 = Release|Any CPU
	EndGlobalSection
	GlobalSection(SolutionProperties) = preSolution
		HideSolutionNode = FALSE
	EndGlobalSection
	GlobalSection(ExtensibilityGlobals) = postSolution
		SolutionGuid = {8A549D5D-0B68-46DC-8799-884285285B28}
	EndGlobalSection
EndGlobal
